{
  "originHash" : "2aa898ac85de19ea87d531e5e53c9cde26072c1df1b94d278b611abc861a03e6",
  "pins" : [
    {
      "identity" : "routing",
      "kind" : "remoteSourceControl",
      "location" : "https://github.com/JamesSedlacek/Routing",
      "state" : {
        "branch" : "main",
        "revision" : "b996580a66fc66f9ea01222b18a281f157001161"
      }
    },
    {
      "identity" : "swiftuiglass",
      "kind" : "remoteSourceControl",
      "location" : "https://github.com/14slash12/SwiftUIGlass",
      "state" : {
        "branch" : "main",
        "revision" : "18b12b28b959a3b1b9abd341005d37e58252c5ea"
      }
    },
    {
      "identity" : "znetwork",
      "kind" : "remoteSourceControl",
      "location" : "https://github.com/szwicker/ZNetwork",
      "state" : {
        "branch" : "main",
        "revision" : "b3d0d68dadc80f4f50579c0bd3aca089e539c1c8"
      }
    }
  ],
  "version" : 3
}
